{
  "originHash" : "663185133d778618a7df4ca6c769452dfc3d321a3336d66995d271500f8a99df",
  "pins" : [
    {
      "identity" : "matrix-rust-components-swift",
      "kind" : "remoteSourceControl",
      "location" : "https://github.com/matrix-org/matrix-rust-components-swift",
      "state" : {
        "revision" : "810a35af8ed193d0b93443ef110ccf159cd169f4",
        "version" : "25.10.27"
      }
    }
  ],
  "version" : 3
}
